// !$*UTF8*$!
{
	archiveVersion = 1;
	classes = {
	};
	objectVersion = 50;
	objects = {

/* Begin PBXBuildFile section */
		E1D6F55621DB7A7A00454D6F /* AppDelegate.swift in Sources */ = {isa = PBXBuildFile; fileRef = E1D6F55521DB7A7A00454D6F /* AppDelegate.swift */; };
		E1D6F55B21DB7A7A00454D6F /* Main.storyboard in Resources */ = {isa = PBXBuildFile; fileRef = E1D6F55921DB7A7A00454D6F /* Main.storyboard */; };
		E1D6F55D21DB7A7D00454D6F /* Assets.xcassets in Resources */ = {isa = PBXBuildFile; fileRef = E1D6F55C21DB7A7D00454D6F /* Assets.xcassets */; };
		E1D6F56021DB7A7D00454D6F /* LaunchScreen.storyboard in Resources */ = {isa = PBXBuildFile; fileRef = E1D6F55E21DB7A7D00454D6F /* LaunchScreen.storyboard */; };
		E1D6F56B21DB7A7D00454D6F /* View_ControllersTests.swift in Sources */ = {isa = PBXBuildFile; fileRef = E1D6F56A21DB7A7D00454D6F /* View_ControllersTests.swift */; };
		E1D6F57621DB7A7D00454D6F /* View_ControllersUITests.swift in Sources */ = {isa = PBXBuildFile; fileRef = E1D6F57521DB7A7D00454D6F /* View_ControllersUITests.swift */; };
		E1D6F58621DB815600454D6F /* DetailViewController.swift in Sources */ = {isa = PBXBuildFile; fileRef = E1D6F58521DB815600454D6F /* DetailViewController.swift */; };
		E1D6F58821DB88CD00454D6F /* MasterViewController.swift in Sources */ = {isa = PBXBuildFile; fileRef = E1D6F58721DB88CD00454D6F /* MasterViewController.swift */; };
		E1D6F58A21DB9DE800454D6F /* AboutViewController.swift in Sources */ = {isa = PBXBuildFile; fileRef = E1D6F58921DB9DE800454D6F /* AboutViewController.swift */; };
		E1D6F58C21DB9E1A00454D6F /* Model.swift in Sources */ = {isa = PBXBuildFile; fileRef = E1D6F58B21DB9E1A00454D6F /* Model.swift */; };
/* End PBXBuildFile section */

/* Begin PBXContainerItemProxy section */
		E1D6F56721DB7A7D00454D6F /* PBXContainerItemProxy */ = {
			isa = PBXContainerItemProxy;
			containerPortal = E1D6F54A21DB7A7A00454D6F /* Project object */;
			proxyType = 1;
			remoteGlobalIDString = E1D6F55121DB7A7A00454D6F;
			remoteInfo = "View Controllers";
		};
		E1D6F57221DB7A7D00454D6F /* PBXContainerItemProxy */ = {
			isa = PBXContainerItemProxy;
			containerPortal = E1D6F54A21DB7A7A00454D6F /* Project object */;
			proxyType = 1;
			remoteGlobalIDString = E1D6F55121DB7A7A00454D6F;
			remoteInfo = "View Controllers";
		};
/* End PBXContainerItemProxy section */

/* Begin PBXFileReference section */
		E1D6F55221DB7A7A00454D6F /* View Controllers.app */ = {isa = PBXFileReference; explicitFileType = wrapper.application; includeInIndex = 0; path = "View Controllers.app"; sourceTree = BUILT_PRODUCTS_DIR; };
		E1D6F55521DB7A7A00454D6F /* AppDelegate.swift */ = {isa = PBXFileReference; lastKnownFileType = sourcecode.swift; path = AppDelegate.swift; sourceTree = "<group>"; };
		E1D6F55A21DB7A7A00454D6F /* Base */ = {isa = PBXFileReference; lastKnownFileType = file.storyboard; name = Base; path = Base.lproj/Main.storyboard; sourceTree = "<group>"; };
		E1D6F55C21DB7A7D00454D6F /* Assets.xcassets */ = {isa = PBXFileReference; lastKnownFileType = folder.assetcatalog; path = Assets.xcassets; sourceTree = "<group>"; };
		E1D6F55F21DB7A7D00454D6F /* Base */ = {isa = PBXFileReference; lastKnownFileType = file.storyboard; name = Base; path = Base.lproj/LaunchScreen.storyboard; sourceTree = "<group>"; };
		E1D6F56121DB7A7D00454D6F /* Info.plist */ = {isa = PBXFileReference; lastKnownFileType = text.plist.xml; path = Info.plist; sourceTree = "<group>"; };
		E1D6F56621DB7A7D00454D6F /* View ControllersTests.xctest */ = {isa = PBXFileReference; explicitFileType = wrapper.cfbundle; includeInIndex = 0; path = "View ControllersTests.xctest"; sourceTree = BUILT_PRODUCTS_DIR; };
		E1D6F56A21DB7A7D00454D6F /* View_ControllersTests.swift */ = {isa = PBXFileReference; lastKnownFileType = sourcecode.swift; path = View_ControllersTests.swift; sourceTree = "<group>"; };
		E1D6F56C21DB7A7D00454D6F /* Info.plist */ = {isa = PBXFileReference; lastKnownFileType = text.plist.xml; path = Info.plist; sourceTree = "<group>"; };
		E1D6F57121DB7A7D00454D6F /* View ControllersUITests.xctest */ = {isa = PBXFileReference; explicitFileType = wrapper.cfbundle; includeInIndex = 0; path = "View ControllersUITests.xctest"; sourceTree = BUILT_PRODUCTS_DIR; };
		E1D6F57521DB7A7D00454D6F /* View_ControllersUITests.swift */ = {isa = PBXFileReference; lastKnownFileType = sourcecode.swift; path = View_ControllersUITests.swift; sourceTree = "<group>"; };
		E1D6F57721DB7A7D00454D6F /* Info.plist */ = {isa = PBXFileReference; lastKnownFileType = text.plist.xml; path = Info.plist; sourceTree = "<group>"; };
		E1D6F58521DB815600454D6F /* DetailViewController.swift */ = {isa = PBXFileReference; lastKnownFileType = sourcecode.swift; path = DetailViewController.swift; sourceTree = "<group>"; };
		E1D6F58721DB88CD00454D6F /* MasterViewController.swift */ = {isa = PBXFileReference; lastKnownFileType = sourcecode.swift; path = MasterViewController.swift; sourceTree = "<group>"; };
		E1D6F58921DB9DE800454D6F /* AboutViewController.swift */ = {isa = PBXFileReference; lastKnownFileType = sourcecode.swift; path = AboutViewController.swift; sourceTree = "<group>"; };
		E1D6F58B21DB9E1A00454D6F /* Model.swift */ = {isa = PBXFileReference; lastKnownFileType = sourcecode.swift; path = Model.swift; sourceTree = "<group>"; };
/* End PBXFileReference section */

/* Begin PBXFrameworksBuildPhase section */
		E1D6F54F21DB7A7A00454D6F /* Frameworks */ = {
			isa = PBXFrameworksBuildPhase;
			buildActionMask = 2147483647;
			files = (
			);
			runOnlyForDeploymentPostprocessing = 0;
		};
		E1D6F56321DB7A7D00454D6F /* Frameworks */ = {
			isa = PBXFrameworksBuildPhase;
			buildActionMask = 2147483647;
			files = (
			);
			runOnlyForDeploymentPostprocessing = 0;
		};
		E1D6F56E21DB7A7D00454D6F /* Frameworks */ = {
			isa = PBXFrameworksBuildPhase;
			buildActionMask = 2147483647;
			files = (
			);
			runOnlyForDeploymentPostprocessing = 0;
		};
/* End PBXFrameworksBuildPhase section */

/* Begin PBXGroup section */
		E1D6F54921DB7A7A00454D6F = {
			isa = PBXGroup;
			children = (
				E1D6F55421DB7A7A00454D6F /* View Controllers */,
				E1D6F56921DB7A7D00454D6F /* View ControllersTests */,
				E1D6F57421DB7A7D00454D6F /* View ControllersUITests */,
				E1D6F55321DB7A7A00454D6F /* Products */,
			);
			sourceTree = "<group>";
		};
		E1D6F55321DB7A7A00454D6F /* Products */ = {
			isa = PBXGroup;
			children = (
				E1D6F55221DB7A7A00454D6F /* View Controllers.app */,
				E1D6F56621DB7A7D00454D6F /* View ControllersTests.xctest */,
				E1D6F57121DB7A7D00454D6F /* View ControllersUITests.xctest */,
			);
			name = Products;
			sourceTree = "<group>";
		};
		E1D6F55421DB7A7A00454D6F /* View Controllers */ = {
			isa = PBXGroup;
			children = (
				E1D6F55521DB7A7A00454D6F /* AppDelegate.swift */,
				E1D6F58721DB88CD00454D6F /* MasterViewController.swift */,
				E1D6F58521DB815600454D6F /* DetailViewController.swift */,
				E1D6F58921DB9DE800454D6F /* AboutViewController.swift */,
				E1D6F58B21DB9E1A00454D6F /* Model.swift */,
				E1D6F55921DB7A7A00454D6F /* Main.storyboard */,
				E1D6F55C21DB7A7D00454D6F /* Assets.xcassets */,
				E1D6F55E21DB7A7D00454D6F /* LaunchScreen.storyboard */,
				E1D6F56121DB7A7D00454D6F /* Info.plist */,
			);
			path = "View Controllers";
			sourceTree = "<group>";
		};
		E1D6F56921DB7A7D00454D6F /* View ControllersTests */ = {
			isa = PBXGroup;
			children = (
				E1D6F56A21DB7A7D00454D6F /* View_ControllersTests.swift */,
				E1D6F56C21DB7A7D00454D6F /* Info.plist */,
			);
			path = "View ControllersTests";
			sourceTree = "<group>";
		};
		E1D6F57421DB7A7D00454D6F /* View ControllersUITests */ = {
			isa = PBXGroup;
			children = (
				E1D6F57521DB7A7D00454D6F /* View_ControllersUITests.swift */,
				E1D6F57721DB7A7D00454D6F /* Info.plist */,
			);
			path = "View ControllersUITests";
			sourceTree = "<group>";
		};
/* End PBXGroup section */

/* Begin PBXNativeTarget section */
		E1D6F55121DB7A7A00454D6F /* View Controllers */ = {
			isa = PBXNativeTarget;
			buildConfigurationList = E1D6F57A21DB7A7D00454D6F /* Build configuration list for PBXNativeTarget "View Controllers" */;
			buildPhases = (
				E1D6F54E21DB7A7A00454D6F /* Sources */,
				E1D6F54F21DB7A7A00454D6F /* Frameworks */,
				E1D6F55021DB7A7A00454D6F /* Resources */,
			);
			buildRules = (
			);
			dependencies = (
			);
			name = "View Controllers";
			productName = "View Controllers";
			productReference = E1D6F55221DB7A7A00454D6F /* View Controllers.app */;
			productType = "com.apple.product-type.application";
		};
		E1D6F56521DB7A7D00454D6F /* View ControllersTests */ = {
			isa = PBXNativeTarget;
			buildConfigurationList = E1D6F57D21DB7A7D00454D6F /* Build configuration list for PBXNativeTarget "View ControllersTests" */;
			buildPhases = (
				E1D6F56221DB7A7D00454D6F /* Sources */,
				E1D6F56321DB7A7D00454D6F /* Frameworks */,
				E1D6F56421DB7A7D00454D6F /* Resources */,
			);
			buildRules = (
			);
			dependencies = (
				E1D6F56821DB7A7D00454D6F /* PBXTargetDependency */,
			);
			name = "View ControllersTests";
			productName = "View ControllersTests";
			productReference = E1D6F56621DB7A7D00454D6F /* View ControllersTests.xctest */;
			productType = "com.apple.product-type.bundle.unit-test";
		};
		E1D6F57021DB7A7D00454D6F /* View ControllersUITests */ = {
			isa = PBXNativeTarget;
			buildConfigurationList = E1D6F58021DB7A7D00454D6F /* Build configuration list for PBXNativeTarget "View ControllersUITests" */;
			buildPhases = (
				E1D6F56D21DB7A7D00454D6F /* Sources */,
				E1D6F56E21DB7A7D00454D6F /* Frameworks */,
				E1D6F56F21DB7A7D00454D6F /* Resources */,
			);
			buildRules = (
			);
			dependencies = (
				E1D6F57321DB7A7D00454D6F /* PBXTargetDependency */,
			);
			name = "View ControllersUITests";
			productName = "View ControllersUITests";
			productReference = E1D6F57121DB7A7D00454D6F /* View ControllersUITests.xctest */;
			productType = "com.apple.product-type.bundle.ui-testing";
		};
/* End PBXNativeTarget section */

/* Begin PBXProject section */
		E1D6F54A21DB7A7A00454D6F /* Project object */ = {
			isa = PBXProject;
			attributes = {
				LastSwiftUpdateCheck = 1010;
				LastUpgradeCheck = 1010;
				ORGANIZATIONNAME = "Robert Kleniewski";
				TargetAttributes = {
					E1D6F55121DB7A7A00454D6F = {
						CreatedOnToolsVersion = 10.1;
					};
					E1D6F56521DB7A7D00454D6F = {
						CreatedOnToolsVersion = 10.1;
						TestTargetID = E1D6F55121DB7A7A00454D6F;
					};
					E1D6F57021DB7A7D00454D6F = {
						CreatedOnToolsVersion = 10.1;
						TestTargetID = E1D6F55121DB7A7A00454D6F;
					};
				};
			};
			buildConfigurationList = E1D6F54D21DB7A7A00454D6F /* Build configuration list for PBXProject "View Controllers" */;
			compatibilityVersion = "Xcode 9.3";
			developmentRegion = en;
			hasScannedForEncodings = 0;
			knownRegions = (
				en,
				Base,
			);
			mainGroup = E1D6F54921DB7A7A00454D6F;
			productRefGroup = E1D6F55321DB7A7A00454D6F /* Products */;
			projectDirPath = "";
			projectRoot = "";
			targets = (
				E1D6F55121DB7A7A00454D6F /* View Controllers */,
				E1D6F56521DB7A7D00454D6F /* View ControllersTests */,
				E1D6F57021DB7A7D00454D6F /* View ControllersUITests */,
			);
		};
/* End PBXProject section */

/* Begin PBXResourcesBuildPhase section */
		E1D6F55021DB7A7A00454D6F /* Resources */ = {
			isa = PBXResourcesBuildPhase;
			buildActionMask = 2147483647;
			files = (
				E1D6F56021DB7A7D00454D6F /* LaunchScreen.storyboard in Resources */,
				E1D6F55D21DB7A7D00454D6F /* Assets.xcassets in Resources */,
				E1D6F55B21DB7A7A00454D6F /* Main.storyboard in Resources */,
			);
			runOnlyForDeploymentPostprocessing = 0;
		};
		E1D6F56421DB7A7D00454D6F /* Resources */ = {
			isa = PBXResourcesBuildPhase;
			buildActionMask = 2147483647;
			files = (
			);
			runOnlyForDeploymentPostprocessing = 0;
		};
		E1D6F56F21DB7A7D00454D6F /* Resources */ = {
			isa = PBXResourcesBuildPhase;
			buildActionMask = 2147483647;
			files = (
			);
			runOnlyForDeploymentPostprocessing = 0;
		};
/* End PBXResourcesBuildPhase section */

/* Begin PBXSourcesBuildPhase section */
		E1D6F54E21DB7A7A00454D6F /* Sources */ = {
			isa = PBXSourcesBuildPhase;
			buildActionMask = 2147483647;
			files = (
				E1D6F58C21DB9E1A00454D6F /* Model.swift in Sources */,
				E1D6F58621DB815600454D6F /* DetailViewController.swift in Sources */,
				E1D6F55621DB7A7A00454D6F /* AppDelegate.swift in Sources */,
				E1D6F58A21DB9DE800454D6F /* AboutViewController.swift in Sources */,
				E1D6F58821DB88CD00454D6F /* MasterViewController.swift in Sources */,
			);
			runOnlyForDeploymentPostprocessing = 0;
		};
		E1D6F56221DB7A7D00454D6F /* Sources */ = {
			isa = PBXSourcesBuildPhase;
			buildActionMask = 2147483647;
			files = (
				E1D6F56B21DB7A7D00454D6F /* View_ControllersTests.swift in Sources */,
			);
			runOnlyForDeploymentPostprocessing = 0;
		};
		E1D6F56D21DB7A7D00454D6F /* Sources */ = {
			isa = PBXSourcesBuildPhase;
			buildActionMask = 2147483647;
			files = (
				E1D6F57621DB7A7D00454D6F /* View_ControllersUITests.swift in Sources */,
			);
			runOnlyForDeploymentPostprocessing = 0;
		};
/* End PBXSourcesBuildPhase section */

/* Begin PBXTargetDependency section */
		E1D6F56821DB7A7D00454D6F /* PBXTargetDependency */ = {
			isa = PBXTargetDependency;
			target = E1D6F55121DB7A7A00454D6F /* View Controllers */;
			targetProxy = E1D6F56721DB7A7D00454D6F /* PBXContainerItemProxy */;
		};
		E1D6F57321DB7A7D00454D6F /* PBXTargetDependency */ = {
			isa = PBXTargetDependency;
			target = E1D6F55121DB7A7A00454D6F /* View Controllers */;
			targetProxy = E1D6F57221DB7A7D00454D6F /* PBXContainerItemProxy */;
		};
/* End PBXTargetDependency section */

/* Begin PBXVariantGroup section */
		E1D6F55921DB7A7A00454D6F /* Main.storyboard */ = {
			isa = PBXVariantGroup;
			children = (
				E1D6F55A21DB7A7A00454D6F /* Base */,
			);
			name = Main.storyboard;
			sourceTree = "<group>";
		};
		E1D6F55E21DB7A7D00454D6F /* LaunchScreen.storyboard */ = {
			isa = PBXVariantGroup;
			children = (
				E1D6F55F21DB7A7D00454D6F /* Base */,
			);
			name = LaunchScreen.storyboard;
			sourceTree = "<group>";
		};
/* End PBXVariantGroup section */

/* Begin XCBuildConfiguration section */
		E1D6F57821DB7A7D00454D6F /* Debug */ = {
			isa = XCBuildConfiguration;
			buildSettings = {
				ALWAYS_SEARCH_USER_PATHS = NO;
				CLANG_ANALYZER_NONNULL = YES;
				CLANG_ANALYZER_NUMBER_OBJECT_CONVERSION = YES_AGGRESSIVE;
				CLANG_CXX_LANGUAGE_STANDARD = "gnu++14";
				CLANG_CXX_LIBRARY = "libc++";
				CLANG_ENABLE_MODULES = YES;
				CLANG_ENABLE_OBJC_ARC = YES;
				CLANG_ENABLE_OBJC_WEAK = YES;
				CLANG_WARN_BLOCK_CAPTURE_AUTORELEASING = YES;
				CLANG_WARN_BOOL_CONVERSION = YES;
				CLANG_WARN_COMMA = YES;
				CLANG_WARN_CONSTANT_CONVERSION = YES;
				CLANG_WARN_DEPRECATED_OBJC_IMPLEMENTATIONS = YES;
				CLANG_WARN_DIRECT_OBJC_ISA_USAGE = YES_ERROR;
				CLANG_WARN_DOCUMENTATION_COMMENTS = YES;
				CLANG_WARN_EMPTY_BODY = YES;
				CLANG_WARN_ENUM_CONVERSION = YES;
				CLANG_WARN_INFINITE_RECURSION = YES;
				CLANG_WARN_INT_CONVERSION = YES;
				CLANG_WARN_NON_LITERAL_NULL_CONVERSION = YES;
				CLANG_WARN_OBJC_IMPLICIT_RETAIN_SELF = YES;
				CLANG_WARN_OBJC_LITERAL_CONVERSION = YES;
				CLANG_WARN_OBJC_ROOT_CLASS = YES_ERROR;
				CLANG_WARN_RANGE_LOOP_ANALYSIS = YES;
				CLANG_WARN_STRICT_PROTOTYPES = YES;
				CLANG_WARN_SUSPICIOUS_MOVE = YES;
				CLANG_WARN_UNGUARDED_AVAILABILITY = YES_AGGRESSIVE;
				CLANG_WARN_UNREACHABLE_CODE = YES;
				CLANG_WARN__DUPLICATE_METHOD_MATCH = YES;
				CODE_SIGN_IDENTITY = "iPhone Developer";
				COPY_PHASE_STRIP = NO;
				DEBUG_INFORMATION_FORMAT = dwarf;
				ENABLE_STRICT_OBJC_MSGSEND = YES;
				ENABLE_TESTABILITY = YES;
				GCC_C_LANGUAGE_STANDARD = gnu11;
				GCC_DYNAMIC_NO_PIC = NO;
				GCC_NO_COMMON_BLOCKS = YES;
				GCC_OPTIMIZATION_LEVEL = 0;
				GCC_PREPROCESSOR_DEFINITIONS = (
					"DEBUG=1",
					"$(inherited)",
				);
				GCC_WARN_64_TO_32_BIT_CONVERSION = YES;
				GCC_WARN_ABOUT_RETURN_TYPE = YES_ERROR;
				GCC_WARN_UNDECLARED_SELECTOR = YES;
				GCC_WARN_UNINITIALIZED_AUTOS = YES_AGGRESSIVE;
				GCC_WARN_UNUSED_FUNCTION = YES;
				GCC_WARN_UNUSED_VARIABLE = YES;
				IPHONEOS_DEPLOYMENT_TARGET = 12.1;
				MTL_ENABLE_DEBUG_INFO = INCLUDE_SOURCE;
				MTL_FAST_MATH = YES;
				ONLY_ACTIVE_ARCH = YES;
				SDKROOT = iphoneos;
				SWIFT_ACTIVE_COMPILATION_CONDITIONS = DEBUG;
				SWIFT_OPTIMIZATION_LEVEL = "-Onone";
			};
			name = Debug;
		};
		E1D6F57921DB7A7D00454D6F /* Release */ = {
			isa = XCBuildConfiguration;
			buildSettings = {
				ALWAYS_SEARCH_USER_PATHS = NO;
				CLANG_ANALYZER_NONNULL = YES;
				CLANG_ANALYZER_NUMBER_OBJECT_CONVERSION = YES_AGGRESSIVE;
				CLANG_CXX_LANGUAGE_STANDARD = "gnu++14";
				CLANG_CXX_LIBRARY = "libc++";
				CLANG_ENABLE_MODULES = YES;
				CLANG_ENABLE_OBJC_ARC = YES;
				CLANG_ENABLE_OBJC_WEAK = YES;
				CLANG_WARN_BLOCK_CAPTURE_AUTORELEASING = YES;
				CLANG_WARN_BOOL_CONVERSION = YES;
				CLANG_WARN_COMMA = YES;
				CLANG_WARN_CONSTANT_CONVERSION = YES;
				CLANG_WARN_DEPRECATED_OBJC_IMPLEMENTATIONS = YES;
				CLANG_WARN_DIRECT_OBJC_ISA_USAGE = YES_ERROR;
				CLANG_WARN_DOCUMENTATION_COMMENTS = YES;
				CLANG_WARN_EMPTY_BODY = YES;
				CLANG_WARN_ENUM_CONVERSION = YES;
				CLANG_WARN_INFINITE_RECURSION = YES;
				CLANG_WARN_INT_CONVERSION = YES;
				CLANG_WARN_NON_LITERAL_NULL_CONVERSION = YES;
				CLANG_WARN_OBJC_IMPLICIT_RETAIN_SELF = YES;
				CLANG_WARN_OBJC_LITERAL_CONVERSION = YES;
				CLANG_WARN_OBJC_ROOT_CLASS = YES_ERROR;
				CLANG_WARN_RANGE_LOOP_ANALYSIS = YES;
				CLANG_WARN_STRICT_PROTOTYPES = YES;
				CLANG_WARN_SUSPICIOUS_MOVE = YES;
				CLANG_WARN_UNGUARDED_AVAILABILITY = YES_AGGRESSIVE;
				CLANG_WARN_UNREACHABLE_CODE = YES;
				CLANG_WARN__DUPLICATE_METHOD_MATCH = YES;
				CODE_SIGN_IDENTITY = "iPhone Developer";
				COPY_PHASE_STRIP = NO;
				DEBUG_INFORMATION_FORMAT = "dwarf-with-dsym";
				ENABLE_NS_ASSERTIONS = NO;
				ENABLE_STRICT_OBJC_MSGSEND = YES;
				GCC_C_LANGUAGE_STANDARD = gnu11;
				GCC_NO_COMMON_BLOCKS = YES;
				GCC_WARN_64_TO_32_BIT_CONVERSION = YES;
				GCC_WARN_ABOUT_RETURN_TYPE = YES_ERROR;
				GCC_WARN_UNDECLARED_SELECTOR = YES;
				GCC_WARN_UNINITIALIZED_AUTOS = YES_AGGRESSIVE;
				GCC_WARN_UNUSED_FUNCTION = YES;
				GCC_WARN_UNUSED_VARIABLE = YES;
				IPHONEOS_DEPLOYMENT_TARGET = 12.1;
				MTL_ENABLE_DEBUG_INFO = NO;
				MTL_FAST_MATH = YES;
				SDKROOT = iphoneos;
				SWIFT_COMPILATION_MODE = wholemodule;
				SWIFT_OPTIMIZATION_LEVEL = "-O";
				VALIDATE_PRODUCT = YES;
			};
			name = Release;
		};
		E1D6F57B21DB7A7D00454D6F /* Debug */ = {
			isa = XCBuildConfiguration;
			buildSettings = {
				ASSETCATALOG_COMPILER_APPICON_NAME = AppIcon;
				CODE_SIGN_STYLE = Automatic;
				DEVELOPMENT_TEAM = 7G2QN8TBWW;
				INFOPLIST_FILE = "View Controllers/Info.plist";
				LD_RUNPATH_SEARCH_PATHS = (
					"$(inherited)",
					"@executable_path/Frameworks",
				);
				PRODUCT_BUNDLE_IDENTIFIER = "kleniu.View-Controllers";
				PRODUCT_NAME = "$(TARGET_NAME)";
				SWIFT_VERSION = 4.2;
				TARGETED_DEVICE_FAMILY = "1,2";
			};
			name = Debug;
		};
		E1D6F57C21DB7A7D00454D6F /* Release */ = {
			isa = XCBuildConfiguration;
			buildSettings = {
				ASSETCATALOG_COMPILER_APPICON_NAME = AppIcon;
				CODE_SIGN_STYLE = Automatic;
				DEVELOPMENT_TEAM = 7G2QN8TBWW;
				INFOPLIST_FILE = "View Controllers/Info.plist";
				LD_RUNPATH_SEARCH_PATHS = (
					"$(inherited)",
					"@executable_path/Frameworks",
				);
				PRODUCT_BUNDLE_IDENTIFIER = "kleniu.View-Controllers";
				PRODUCT_NAME = "$(TARGET_NAME)";
				SWIFT_VERSION = 4.2;
				TARGETED_DEVICE_FAMILY = "1,2";
			};
			name = Release;
		};
		E1D6F57E21DB7A7D00454D6F /* Debug */ = {
			isa = XCBuildConfiguration;
			buildSettings = {
				ALWAYS_EMBED_SWIFT_STANDARD_LIBRARIES = YES;
				BUNDLE_LOADER = "$(TEST_HOST)";
				CODE_SIGN_STYLE = Automatic;
				DEVELOPMENT_TEAM = 7G2QN8TBWW;
				INFOPLIST_FILE = "View ControllersTests/Info.plist";
				LD_RUNPATH_SEARCH_PATHS = (
					"$(inherited)",
					"@executable_path/Frameworks",
					"@loader_path/Frameworks",
				);
				PRODUCT_BUNDLE_IDENTIFIER = "kleniu.View-ControllersTests";
				PRODUCT_NAME = "$(TARGET_NAME)";
				SWIFT_VERSION = 4.2;
				TARGETED_DEVICE_FAMILY = "1,2";
				TEST_HOST = "$(BUILT_PRODUCTS_DIR)/View Controllers.app/View Controllers";
			};
			name = Debug;
		};
		E1D6F57F21DB7A7D00454D6F /* Release */ = {
			isa = XCBuildConfiguration;
			buildSettings = {
				ALWAYS_EMBED_SWIFT_STANDARD_LIBRARIES = YES;
				BUNDLE_LOADER = "$(TEST_HOST)";
				CODE_SIGN_STYLE = Automatic;
				DEVELOPMENT_TEAM = 7G2QN8TBWW;
				INFOPLIST_FILE = "View ControllersTests/Info.plist";
				LD_RUNPATH_SEARCH_PATHS = (
					"$(inherited)",
					"@executable_path/Frameworks",
					"@loader_path/Frameworks",
				);
				PRODUCT_BUNDLE_IDENTIFIER = "kleniu.View-ControllersTests";
				PRODUCT_NAME = "$(TARGET_NAME)";
				SWIFT_VERSION = 4.2;
				TARGETED_DEVICE_FAMILY = "1,2";
				TEST_HOST = "$(BUILT_PRODUCTS_DIR)/View Controllers.app/View Controllers";
			};
			name = Release;
		};
		E1D6F58121DB7A7D00454D6F /* Debug */ = {
			isa = XCBuildConfiguration;
			buildSettings = {
				ALWAYS_EMBED_SWIFT_STANDARD_LIBRARIES = YES;
				CODE_SIGN_STYLE = Automatic;
				DEVELOPMENT_TEAM = 7G2QN8TBWW;
				INFOPLIST_FILE = "View ControllersUITests/Info.plist";
				LD_RUNPATH_SEARCH_PATHS = (
					"$(inherited)",
					"@executable_path/Frameworks",
					"@loader_path/Frameworks",
				);
				PRODUCT_BUNDLE_IDENTIFIER = "kleniu.View-ControllersUITests";
				PRODUCT_NAME = "$(TARGET_NAME)";
				SWIFT_VERSION = 4.2;
				TARGETED_DEVICE_FAMILY = "1,2";
				TEST_TARGET_NAME = "View Controllers";
			};
			name = Debug;
		};
		E1D6F58221DB7A7D00454D6F /* Release */ = {
			isa = XCBuildConfiguration;
			buildSettings = {
				ALWAYS_EMBED_SWIFT_STANDARD_LIBRARIES = YES;
				CODE_SIGN_STYLE = Automatic;
				DEVELOPMENT_TEAM = 7G2QN8TBWW;
				INFOPLIST_FILE = "View ControllersUITests/Info.plist";
				LD_RUNPATH_SEARCH_PATHS = (
					"$(inherited)",
					"@executable_path/Frameworks",
					"@loader_path/Frameworks",
				);
				PRODUCT_BUNDLE_IDENTIFIER = "kleniu.View-ControllersUITests";
				PRODUCT_NAME = "$(TARGET_NAME)";
				SWIFT_VERSION = 4.2;
				TARGETED_DEVICE_FAMILY = "1,2";
				TEST_TARGET_NAME = "View Controllers";
			};
			name = Release;
		};
/* End XCBuildConfiguration section */

/* Begin XCConfigurationList section */
		E1D6F54D21DB7A7A00454D6F /* Build configuration list for PBXProject "View Controllers" */ = {
			isa = XCConfigurationList;
			buildConfigurations = (
				E1D6F57821DB7A7D00454D6F /* Debug */,
				E1D6F57921DB7A7D00454D6F /* Release */,
			);
			defaultConfigurationIsVisible = 0;
			defaultConfigurationName = Release;
		};
		E1D6F57A21DB7A7D00454D6F /* Build configuration list for PBXNativeTarget "View Controllers" */ = {
			isa = XCConfigurationList;
			buildConfigurations = (
				E1D6F57B21DB7A7D00454D6F /* Debug */,
				E1D6F57C21DB7A7D00454D6F /* Release */,
			);
			defaultConfigurationIsVisible = 0;
			defaultConfigurationName = Release;
		};
		E1D6F57D21DB7A7D00454D6F /* Build configuration list for PBXNativeTarget "View ControllersTests" */ = {
			isa = XCConfigurationList;
			buildConfigurations = (
				E1D6F57E21DB7A7D00454D6F /* Debug */,
				E1D6F57F21DB7A7D00454D6F /* Release */,
			);
			defaultConfigurationIsVisible = 0;
			defaultConfigurationName = Release;
		};
		E1D6F58021DB7A7D00454D6F /* Build configuration list for PBXNativeTarget "View ControllersUITests" */ = {
			isa = XCConfigurationList;
			buildConfigurations = (
				E1D6F58121DB7A7D00454D6F /* Debug */,
				E1D6F58221DB7A7D00454D6F /* Release */,
			);
			defaultConfigurationIsVisible = 0;
			defaultConfigurationName = Release;
		};
/* End XCConfigurationList section */
	};
	rootObject = E1D6F54A21DB7A7A00454D6F /* Project object */;
}
